
Microsoft Visual Studio Solution File, Format Version 12.00
# Visual Studio Version 17
VisualStudioVersion = 17.9.34902.65
MinimumVisualStudioVersion = 10.0.40219.1
Project("{9A19103F-16F7-4668-BE54-9A1E7A4F7556}") = "LearnCSharp", "LearnCSharp.csproj", "{BE3AF3E4-71CE-438A-BAB3-91394F38AED1}"
EndProject
Project("{FAE04EC0-301F-11D3-BF4B-00C04F79EFBC}") = "AsyncAwaitSample", "..\AsyncAwaitSample\AsyncAwaitSample.csproj", "{2026E792-B639-4DA8-923C-96895302D78D}"
EndProject
Global
	GlobalSection(SolutionConfigurationPlatforms) = preSolution
		Debug|Any CPU = Debug|Any CPU
		Release|Any CPU = Release|Any CPU
	EndGlobalSection
	GlobalSection(ProjectConfigurationPlatforms) = postSolution
		{BE3AF3E4-71CE-438A-BAB3-91394F38AED1}.Debug|Any CPU.ActiveCfg = Debug|Any CPU
		{BE3AF3E4-71CE-438A-BAB3-91394F38AED1}.Debug|Any CPU.Build.0 = Debug|Any CPU
		{BE3AF3E4-71CE-438A-BAB3-91394F38AED1}.Release|Any CPU.ActiveCfg = Release|Any CPU
		{BE3AF3E4-71CE-438A-BAB3-91394F38AED1}.Release|Any CPU.Build.0 = Release|Any CPU
		{2026E792-B639-4DA8-923C-96895302D78D}.Debug|Any CPU.ActiveCfg = Debug|Any CPU
		{2026E792-B639-4DA8-923C-96895302D78D}.Debug|Any CPU.Build.0 = Debug|Any CPU
		{2026E792-B639-4DA8-923C-96895302D78D}.Release|Any CPU.ActiveCfg = Release|Any CPU
		{2026E792-B639-4DA8-923C-96895302D78D}.Release|Any CPU.Build.0 = Release|Any CPU
	EndGlobalSection
	GlobalSection(SolutionProperties) = preSolution
		HideSolutionNode = FALSE
	EndGlobalSection
	GlobalSection(ExtensibilityGlobals) = postSolution
		SolutionGuid = {FFDB1FCB-DA94-4C49-88A8-E59DD387C108}
	EndGlobalSection
EndGlobal
